
Microsoft Visual Studio Solution File, Format Version 12.00
# Visual Studio Version 17
VisualStudioVersion = 17.5.33414.496
MinimumVisualStudioVersion = 10.0.40219.1
Project("{FAE04EC0-301F-11D3-BF4B-00C04F79EFBC}") = "classe vettore", "classe vettore\classe vettore.csproj", "{323F3242-5656-4BC4-B421-734F04DC29C7}"
EndProject
Global
	GlobalSection(SolutionConfigurationPlatforms) = preSolution
		Debug|Any CPU = Debug|Any CPU
		Release|Any CPU = Release|Any CPU
	EndGlobalSection
	GlobalSection(ProjectConfigurationPlatforms) = postSolution
		{323F3242-5656-4BC4-B421-734F04DC29C7}.Debug|Any CPU.ActiveCfg = Debug|Any CPU
		{323F3242-5656-4BC4-B421-734F04DC29C7}.Debug|Any CPU.Build.0 = Debug|Any CPU
		{323F3242-5656-4BC4-B421-734F04DC29C7}.Release|Any CPU.ActiveCfg = Release|Any CPU
		{323F3242-5656-4BC4-B421-734F04DC29C7}.Release|Any CPU.Build.0 = Release|Any CPU
	EndGlobalSection
	GlobalSection(SolutionProperties) = preSolution
		HideSolutionNode = FALSE
	EndGlobalSection
	GlobalSection(ExtensibilityGlobals) = postSolution
		SolutionGuid = {B9BF040B-622B-4A15-B946-C2E93B355BF7}
	EndGlobalSection
EndGlobal
